// !$*UTF8*$!
{
	archiveVersion = 1;
	classes = {
	};
	objectVersion = 46;
	objects = {

/* Begin PBXBuildFile section */
		212026631F01C1F600219EA5 /* JTSReachabilityFramework.h in Headers */ = {isa = PBXBuildFile; fileRef = 212026621F01C1F600219EA5 /* JTSReachabilityFramework.h */; settings = {ATTRIBUTES = (Public, ); }; };
		21391D741F01977D000B57C9 /* JTSReachability.h in Headers */ = {isa = PBXBuildFile; fileRef = 21391D701F01977D000B57C9 /* JTSReachability.h */; settings = {ATTRIBUTES = (Public, ); }; };
		21391D751F01977D000B57C9 /* JTSReachability.m in Sources */ = {isa = PBXBuildFile; fileRef = 21391D711F01977D000B57C9 /* JTSReachability.m */; };
		21391D761F01977D000B57C9 /* JTSReachabilityResponder.h in Headers */ = {isa = PBXBuildFile; fileRef = 21391D721F01977D000B57C9 /* JTSReachabilityResponder.h */; settings = {ATTRIBUTES = (Public, ); }; };
		21391D771F01977D000B57C9 /* JTSReachabilityResponder.m in Sources */ = {isa = PBXBuildFile; fileRef = 21391D731F01977D000B57C9 /* JTSReachabilityResponder.m */; };
/* End PBXBuildFile section */

/* Begin PBXFileReference section */
		212026621F01C1F600219EA5 /* JTSReachabilityFramework.h */ = {isa = PBXFileReference; fileEncoding = 4; lastKnownFileType = sourcecode.c.h; path = JTSReachabilityFramework.h; sourceTree = "<group>"; };
		21391D701F01977D000B57C9 /* JTSReachability.h */ = {isa = PBXFileReference; fileEncoding = 4; lastKnownFileType = sourcecode.c.h; name = JTSReachability.h; path = Source/JTSReachability.h; sourceTree = SOURCE_ROOT; };
		21391D711F01977D000B57C9 /* JTSReachability.m */ = {isa = PBXFileReference; fileEncoding = 4; lastKnownFileType = sourcecode.c.objc; name = JTSReachability.m; path = Source/JTSReachability.m; sourceTree = SOURCE_ROOT; };
		21391D721F01977D000B57C9 /* JTSReachabilityResponder.h */ = {isa = PBXFileReference; fileEncoding = 4; lastKnownFileType = sourcecode.c.h; name = JTSReachabilityResponder.h; path = Source/JTSReachabilityResponder.h; sourceTree = SOURCE_ROOT; };
		21391D731F01977D000B57C9 /* JTSReachabilityResponder.m */ = {isa = PBXFileReference; fileEncoding = 4; lastKnownFileType = sourcecode.c.objc; name = JTSReachabilityResponder.m; path = Source/JTSReachabilityResponder.m; sourceTree = SOURCE_ROOT; };
		21F330231F01975900D0E1CC /* JTSReachability.framework */ = {isa = PBXFileReference; explicitFileType = wrapper.framework; includeInIndex = 0; path = JTSReachability.framework; sourceTree = BUILT_PRODUCTS_DIR; };
		21F330271F01975900D0E1CC /* Info.plist */ = {isa = PBXFileReference; lastKnownFileType = text.plist.xml; path = Info.plist; sourceTree = "<group>"; };
/* End PBXFileReference section */

/* Begin PBXFrameworksBuildPhase section */
		21F3301F1F01975900D0E1CC /* Frameworks */ = {
			isa = PBXFrameworksBuildPhase;
			buildActionMask = 2147483647;
			files = (
			);
			runOnlyForDeploymentPostprocessing = 0;
		};
/* End PBXFrameworksBuildPhase section */

/* Begin PBXGroup section */
		21F330191F01975900D0E1CC = {
			isa = PBXGroup;
			children = (
				21F330251F01975900D0E1CC /* JTSReachability */,
				21F330241F01975900D0E1CC /* Products */,
			);
			sourceTree = "<group>";
		};
		21F330241F01975900D0E1CC /* Products */ = {
			isa = PBXGroup;
			children = (
				21F330231F01975900D0E1CC /* JTSReachability.framework */,
			);
			name = Products;
			sourceTree = "<group>";
		};
		21F330251F01975900D0E1CC /* JTSReachability */ = {
			isa = PBXGroup;
			children = (
				21F330271F01975900D0E1CC /* Info.plist */,
				212026621F01C1F600219EA5 /* JTSReachabilityFramework.h */,
				21391D701F01977D000B57C9 /* JTSReachability.h */,
				21391D711F01977D000B57C9 /* JTSReachability.m */,
				21391D721F01977D000B57C9 /* JTSReachabilityResponder.h */,
				21391D731F01977D000B57C9 /* JTSReachabilityResponder.m */,
			);
			path = JTSReachability;
			sourceTree = "<group>";
		};
/* End PBXGroup section */

/* Begin PBXHeadersBuildPhase section */
		21F330201F01975900D0E1CC /* Headers */ = {
			isa = PBXHeadersBuildPhase;
			buildActionMask = 2147483647;
			files = (
				212026631F01C1F600219EA5 /* JTSReachabilityFramework.h in Headers */,
				21391D741F01977D000B57C9 /* JTSReachability.h in Headers */,
				21391D761F01977D000B57C9 /* JTSReachabilityResponder.h in Headers */,
			);
			runOnlyForDeploymentPostprocessing = 0;
		};
/* End PBXHeadersBuildPhase section */

/* Begin PBXNativeTarget section */
		21F330221F01975900D0E1CC /* JTSReachability */ = {
			isa = PBXNativeTarget;
			buildConfigurationList = 21F3302B1F01975900D0E1CC /* Build configuration list for PBXNativeTarget "JTSReachability" */;
			buildPhases = (
				21F3301E1F01975900D0E1CC /* Sources */,
				21F3301F1F01975900D0E1CC /* Frameworks */,
				21F330201F01975900D0E1CC /* Headers */,
				21F330211F01975900D0E1CC /* Resources */,
			);
			buildRules = (
			);
			dependencies = (
			);
			name = JTSReachability;
			productName = JTSReachability;
			productReference = 21F330231F01975900D0E1CC /* JTSReachability.framework */;
			productType = "com.apple.product-type.framework";
		};
/* End PBXNativeTarget section */

/* Begin PBXProject section */
		21F3301A1F01975900D0E1CC /* Project object */ = {
			isa = PBXProject;
			attributes = {
				LastUpgradeCheck = 0830;
				ORGANIZATIONNAME = "John Brayton";
				TargetAttributes = {
					21F330221F01975900D0E1CC = {
						CreatedOnToolsVersion = 8.3.3;
						DevelopmentTeam = 372S63A2R8;
						ProvisioningStyle = Automatic;
					};
				};
			};
			buildConfigurationList = 21F3301D1F01975900D0E1CC /* Build configuration list for PBXProject "JTSReachability" */;
			compatibilityVersion = "Xcode 3.2";
			developmentRegion = English;
			hasScannedForEncodings = 0;
			knownRegions = (
				en,
			);
			mainGroup = 21F330191F01975900D0E1CC;
			productRefGroup = 21F330241F01975900D0E1CC /* Products */;
			projectDirPath = "";
			projectRoot = "";
			targets = (
				21F330221F01975900D0E1CC /* JTSReachability */,
			);
		};
/* End PBXProject section */

/* Begin PBXResourcesBuildPhase section */
		21F330211F01975900D0E1CC /* Resources */ = {
			isa = PBXResourcesBuildPhase;
			buildActionMask = 2147483647;
			files = (
			);
			runOnlyForDeploymentPostprocessing = 0;
		};
/* End PBXResourcesBuildPhase section */

/* Begin PBXSourcesBuildPhase section */
		21F3301E1F01975900D0E1CC /* Sources */ = {
			isa = PBXSourcesBuildPhase;
			buildActionMask = 2147483647;
			files = (
				21391D751F01977D000B57C9 /* JTSReachability.m in Sources */,
				21391D771F01977D000B57C9 /* JTSReachabilityResponder.m in Sources */,
			);
			runOnlyForDeploymentPostprocessing = 0;
		};
/* End PBXSourcesBuildPhase section */

/* Begin XCBuildConfiguration section */
		21F330291F01975900D0E1CC /* Debug */ = {
			isa = XCBuildConfiguration;
			buildSettings = {
				ALWAYS_SEARCH_USER_PATHS = NO;
				CLANG_ANALYZER_NONNULL = YES;
				CLANG_ANALYZER_NUMBER_OBJECT_CONVERSION = YES_AGGRESSIVE;
				CLANG_CXX_LANGUAGE_STANDARD = "gnu++0x";
				CLANG_CXX_LIBRARY = "libc++";
				CLANG_ENABLE_MODULES = YES;
				CLANG_ENABLE_OBJC_ARC = YES;
				CLANG_WARN_BOOL_CONVERSION = YES;
				CLANG_WARN_CONSTANT_CONVERSION = YES;
				CLANG_WARN_DIRECT_OBJC_ISA_USAGE = YES_ERROR;
				CLANG_WARN_DOCUMENTATION_COMMENTS = YES;
				CLANG_WARN_EMPTY_BODY = YES;
				CLANG_WARN_ENUM_CONVERSION = YES;
				CLANG_WARN_INFINITE_RECURSION = YES;
				CLANG_WARN_INT_CONVERSION = YES;
				CLANG_WARN_OBJC_ROOT_CLASS = YES_ERROR;
				CLANG_WARN_SUSPICIOUS_MOVE = YES;
				CLANG_WARN_UNREACHABLE_CODE = YES;
				CLANG_WARN__DUPLICATE_METHOD_MATCH = YES;
				"CODE_SIGN_IDENTITY[sdk=iphoneos*]" = "iPhone Developer";
				COPY_PHASE_STRIP = NO;
				CURRENT_PROJECT_VERSION = 1;
				DEBUG_INFORMATION_FORMAT = dwarf;
				ENABLE_STRICT_OBJC_MSGSEND = YES;
				ENABLE_TESTABILITY = YES;
				GCC_C_LANGUAGE_STANDARD = gnu99;
				GCC_DYNAMIC_NO_PIC = NO;
				GCC_NO_COMMON_BLOCKS = YES;
				GCC_OPTIMIZATION_LEVEL = 0;
				GCC_PREPROCESSOR_DEFINITIONS = (
					"DEBUG=1",
					"$(inherited)",
				);
				GCC_WARN_64_TO_32_BIT_CONVERSION = YES;
				GCC_WARN_ABOUT_RETURN_TYPE = YES_ERROR;
				GCC_WARN_UNDECLARED_SELECTOR = YES;
				GCC_WARN_UNINITIALIZED_AUTOS = YES_AGGRESSIVE;
				GCC_WARN_UNUSED_FUNCTION = YES;
				GCC_WARN_UNUSED_VARIABLE = YES;
				IPHONEOS_DEPLOYMENT_TARGET = 10.3;
				MTL_ENABLE_DEBUG_INFO = YES;
				ONLY_ACTIVE_ARCH = YES;
				SDKROOT = iphoneos;
				TARGETED_DEVICE_FAMILY = "1,2";
				VERSIONING_SYSTEM = "apple-generic";
				VERSION_INFO_PREFIX = "";
			};
			name = Debug;
		};
		21F3302A1F01975900D0E1CC /* Release */ = {
			isa = XCBuildConfiguration;
			buildSettings = {
				ALWAYS_SEARCH_USER_PATHS = NO;
				CLANG_ANALYZER_NONNULL = YES;
				CLANG_ANALYZER_NUMBER_OBJECT_CONVERSION = YES_AGGRESSIVE;
				CLANG_CXX_LANGUAGE_STANDARD = "gnu++0x";
				CLANG_CXX_LIBRARY = "libc++";
				CLANG_ENABLE_MODULES = YES;
				CLANG_ENABLE_OBJC_ARC = YES;
				CLANG_WARN_BOOL_CONVERSION = YES;
				CLANG_WARN_CONSTANT_CONVERSION = YES;
				CLANG_WARN_DIRECT_OBJC_ISA_USAGE = YES_ERROR;
				CLANG_WARN_DOCUMENTATION_COMMENTS = YES;
				CLANG_WARN_EMPTY_BODY = YES;
				CLANG_WARN_ENUM_CONVERSION = YES;
				CLANG_WARN_INFINITE_RECURSION = YES;
				CLANG_WARN_INT_CONVERSION = YES;
				CLANG_WARN_OBJC_ROOT_CLASS = YES_ERROR;
				CLANG_WARN_SUSPICIOUS_MOVE = YES;
				CLANG_WARN_UNREACHABLE_CODE = YES;
				CLANG_WARN__DUPLICATE_METHOD_MATCH = YES;
				"CODE_SIGN_IDENTITY[sdk=iphoneos*]" = "iPhone Developer";
				COPY_PHASE_STRIP = NO;
				CURRENT_PROJECT_VERSION = 1;
				DEBUG_INFORMATION_FORMAT = "dwarf-with-dsym";
				ENABLE_NS_ASSERTIONS = NO;
				ENABLE_STRICT_OBJC_MSGSEND = YES;
				GCC_C_LANGUAGE_STANDARD = gnu99;
				GCC_NO_COMMON_BLOCKS = YES;
				GCC_WARN_64_TO_32_BIT_CONVERSION = YES;
				GCC_WARN_ABOUT_RETURN_TYPE = YES_ERROR;
				GCC_WARN_UNDECLARED_SELECTOR = YES;
				GCC_WARN_UNINITIALIZED_AUTOS = YES_AGGRESSIVE;
				GCC_WARN_UNUSED_FUNCTION = YES;
				GCC_WARN_UNUSED_VARIABLE = YES;
				IPHONEOS_DEPLOYMENT_TARGET = 10.3;
				MTL_ENABLE_DEBUG_INFO = NO;
				SDKROOT = iphoneos;
				TARGETED_DEVICE_FAMILY = "1,2";
				VALIDATE_PRODUCT = YES;
				VERSIONING_SYSTEM = "apple-generic";
				VERSION_INFO_PREFIX = "";
			};
			name = Release;
		};
		21F3302C1F01975900D0E1CC /* Debug */ = {
			isa = XCBuildConfiguration;
			buildSettings = {
				CODE_SIGN_IDENTITY = "";
				DEFINES_MODULE = YES;
				DEVELOPMENT_TEAM = 372S63A2R8;
				DYLIB_COMPATIBILITY_VERSION = 1;
				DYLIB_CURRENT_VERSION = 1;
				DYLIB_INSTALL_NAME_BASE = "@rpath";
				INFOPLIST_FILE = JTSReachability/Info.plist;
				INSTALL_PATH = "$(LOCAL_LIBRARY_DIR)/Frameworks";
				IPHONEOS_DEPLOYMENT_TARGET = 8.0;
				LD_RUNPATH_SEARCH_PATHS = "$(inherited) @executable_path/Frameworks @loader_path/Frameworks";
				PRODUCT_BUNDLE_IDENTIFIER = com.goldenhillsoftware.JTSReachability;
				PRODUCT_NAME = "$(TARGET_NAME)";
				SKIP_INSTALL = YES;
			};
			name = Debug;
		};
		21F3302D1F01975900D0E1CC /* Release */ = {
			isa = XCBuildConfiguration;
			buildSettings = {
				CODE_SIGN_IDENTITY = "";
				DEFINES_MODULE = YES;
				DEVELOPMENT_TEAM = 372S63A2R8;
				DYLIB_COMPATIBILITY_VERSION = 1;
				DYLIB_CURRENT_VERSION = 1;
				DYLIB_INSTALL_NAME_BASE = "@rpath";
				INFOPLIST_FILE = JTSReachability/Info.plist;
				INSTALL_PATH = "$(LOCAL_LIBRARY_DIR)/Frameworks";
				IPHONEOS_DEPLOYMENT_TARGET = 8.0;
				LD_RUNPATH_SEARCH_PATHS = "$(inherited) @executable_path/Frameworks @loader_path/Frameworks";
				PRODUCT_BUNDLE_IDENTIFIER = com.goldenhillsoftware.JTSReachability;
				PRODUCT_NAME = "$(TARGET_NAME)";
				SKIP_INSTALL = YES;
			};
			name = Release;
		};
/* End XCBuildConfiguration section */

/* Begin XCConfigurationList section */
		21F3301D1F01975900D0E1CC /* Build configuration list for PBXProject "JTSReachability" */ = {
			isa = XCConfigurationList;
			buildConfigurations = (
				21F330291F01975900D0E1CC /* Debug */,
				21F3302A1F01975900D0E1CC /* Release */,
			);
			defaultConfigurationIsVisible = 0;
			defaultConfigurationName = Release;
		};
		21F3302B1F01975900D0E1CC /* Build configuration list for PBXNativeTarget "JTSReachability" */ = {
			isa = XCConfigurationList;
			buildConfigurations = (
				21F3302C1F01975900D0E1CC /* Debug */,
				21F3302D1F01975900D0E1CC /* Release */,
			);
			defaultConfigurationIsVisible = 0;
			defaultConfigurationName = Release;
		};
/* End XCConfigurationList section */
	};
	rootObject = 21F3301A1F01975900D0E1CC /* Project object */;
}
